{
  "name": "package.lock.master",
  "version": "1.0.0",
  "lockfileVersion": 1,
  "requires": true,
  "dependencies": {
    "package.lock.slave": {
      "version": "git+ssh://git@github.com/fzheng/package.lock.slave.git#a315ce7d158fd7b490a7d92b286a91ef2c6c6b1b",
      "from": "git+ssh://git@github.com/fzheng/package.lock.slave.git#master"
    }
  }
}
